{
    "name": "@ngx-electron/builder",
    "version": "0.0.1",
    "lockfileVersion": 1,
    "requires": true,
    "dependencies": {
        "@angular-devkit/architect": {
            "version": "0.1000.0-rc.0",
            "resolved": "https://registry.npmjs.org/@angular-devkit/architect/-/architect-0.1000.0-rc.0.tgz",
            "integrity": "sha512-NGh6Onl0RN4z0fEU7cUUK8AEDjTZdzzgYv2U+/t1AwK8vogsvfwEor7pOKxiCB/MMotpp+/THKTGFPrlvPcUXA==",
            "dev": true,
            "requires": {
                "@angular-devkit/core": "10.0.0-rc.0",
                "rxjs": "6.5.5"
            }
        },
        "@angular-devkit/core": {
            "version": "10.0.0-rc.0",
            "resolved": "https://registry.npmjs.org/@angular-devkit/core/-/core-10.0.0-rc.0.tgz",
            "integrity": "sha512-3hHDdWEVhUPzJPHCwV7KyAwPiKBo0SR6nTRxiF6mgR8d87+X+DGhJwB8+g5a7cumRVm8b8CrziCxosQCOR7z+g==",
            "dev": true,
            "requires": {
                "ajv": "6.12.2",
                "fast-json-stable-stringify": "2.1.0",
                "magic-string": "0.25.7",
                "rxjs": "6.5.5",
                "source-map": "0.7.3"
            }
        },
        "ajv": {
            "version": "6.12.2",
            "resolved": "https://registry.npmjs.org/ajv/-/ajv-6.12.2.tgz",
            "integrity": "sha512-k+V+hzjm5q/Mr8ef/1Y9goCmlsK4I6Sm74teeyGvFk1XrOsbsKLjEdrvny42CZ+a8sXbk8KWpY/bDwS+FLL2UQ==",
            "dev": true,
            "requires": {
                "fast-deep-equal": "^3.1.1",
                "fast-json-stable-stringify": "^2.0.0",
                "json-schema-traverse": "^0.4.1",
                "uri-js": "^4.2.2"
            }
        },
        "fast-deep-equal": {
            "version": "3.1.1",
            "resolved": "https://registry.npmjs.org/fast-deep-equal/-/fast-deep-equal-3.1.1.tgz",
            "integrity": "sha512-8UEa58QDLauDNfpbrX55Q9jrGHThw2ZMdOky5Gl1CDtVeJDPVrG4Jxx1N8jw2gkWaff5UUuX1KJd+9zGe2B+ZA==",
            "dev": true
        },
        "fast-json-stable-stringify": {
            "version": "2.1.0",
            "resolved": "https://registry.npmjs.org/fast-json-stable-stringify/-/fast-json-stable-stringify-2.1.0.tgz",
            "integrity": "sha512-lhd/wF+Lk98HZoTCtlVraHtfh5XYijIjalXck7saUtuanSDyLMxnHhSXEDJqHxD7msR8D0uCmqlkwjCV8xvwHw==",
            "dev": true
        },
        "json-schema-traverse": {
            "version": "0.4.1",
            "resolved": "https://registry.npmjs.org/json-schema-traverse/-/json-schema-traverse-0.4.1.tgz",
            "integrity": "sha512-xbbCH5dCYU5T8LcEhhuh7HJ88HXuW3qsI3Y0zOZFKfZEHcpWiHU/Jxzk629Brsab/mMiHQti9wMP+845RPe3Vg==",
            "dev": true
        },
        "magic-string": {
            "version": "0.25.7",
            "resolved": "https://registry.npmjs.org/magic-string/-/magic-string-0.25.7.tgz",
            "integrity": "sha512-4CrMT5DOHTDk4HYDlzmwu4FVCcIYI8gauveasrdCu2IKIFOJ3f0v/8MDGJCDL9oD2ppz/Av1b0Nj345H9M+XIA==",
            "dev": true,
            "requires": {
                "sourcemap-codec": "^1.4.4"
            }
        },
        "punycode": {
            "version": "2.1.1",
            "resolved": "https://registry.npmjs.org/punycode/-/punycode-2.1.1.tgz",
            "integrity": "sha512-XRsRjdf+j5ml+y/6GKHPZbrF/8p2Yga0JPtdqTIY2Xe5ohJPD9saDJJLPvp9+NSBprVvevdXZybnj2cv8OEd0A==",
            "dev": true
        },
        "rxjs": {
            "version": "6.5.5",
            "resolved": "https://registry.npmjs.org/rxjs/-/rxjs-6.5.5.tgz",
            "integrity": "sha512-WfQI+1gohdf0Dai/Bbmk5L5ItH5tYqm3ki2c5GdWhKjalzjg93N3avFjVStyZZz+A2Em+ZxKH5bNghw9UeylGQ==",
            "dev": true,
            "requires": {
                "tslib": "^1.9.0"
            }
        },
        "source-map": {
            "version": "0.7.3",
            "resolved": "https://registry.npmjs.org/source-map/-/source-map-0.7.3.tgz",
            "integrity": "sha512-CkCj6giN3S+n9qrYiBTX5gystlENnRW5jZeNLHpe6aue+SrHcG5VYwujhW9s4dY31mEGsxBDrHR6oI69fTXsaQ==",
            "dev": true
        },
        "sourcemap-codec": {
            "version": "1.4.8",
            "resolved": "https://registry.npmjs.org/sourcemap-codec/-/sourcemap-codec-1.4.8.tgz",
            "integrity": "sha512-9NykojV5Uih4lgo5So5dtw+f0JgJX30KCNI8gwhz2J9A15wD0Ml6tjHKwf6fTSa6fAdVBdZeNOs9eJ71qCk8vA==",
            "dev": true
        },
        "tslib": {
            "version": "1.13.0",
            "resolved": "https://registry.npmjs.org/tslib/-/tslib-1.13.0.tgz",
            "integrity": "sha512-i/6DQjL8Xf3be4K/E6Wgpekn5Qasl1usyw++dAA35Ue5orEn65VIxOA+YvNNl9HV3qv70T7CNwjODHZrLwvd1Q==",
            "dev": true
        },
        "uri-js": {
            "version": "4.2.2",
            "resolved": "https://registry.npmjs.org/uri-js/-/uri-js-4.2.2.tgz",
            "integrity": "sha512-KY9Frmirql91X2Qgjry0Wd4Y+YTdrdZheS8TFwvkbLWf/G5KNJDCh6pKL5OZctEW4+0Baa5idK2ZQuELRwPznQ==",
            "dev": true,
            "requires": {
                "punycode": "^2.1.0"
            }
        }
    }
}
